// !$*UTF8*$!
{
	archiveVersion = 1;
	classes = {
	};
	objectVersion = 51;
	objects = {

/* Begin PBXBuildFile section */
		1A78F0622514E3F7008EC4D6 /* CalendarViewController.swift in Sources */ = {isa = PBXBuildFile; fileRef = 1A78F0612514E3F7008EC4D6 /* CalendarViewController.swift */; };
		1A932B46250668C300E138BA /* AppDelegate.swift in Sources */ = {isa = PBXBuildFile; fileRef = 1A932B45250668C300E138BA /* AppDelegate.swift */; };
		1A932B48250668C300E138BA /* SceneDelegate.swift in Sources */ = {isa = PBXBuildFile; fileRef = 1A932B47250668C300E138BA /* SceneDelegate.swift */; };
		1A932B4A250668C300E138BA /* DailyTasksViewController.swift in Sources */ = {isa = PBXBuildFile; fileRef = 1A932B49250668C300E138BA /* DailyTasksViewController.swift */; };
		1A932B4D250668C300E138BA /* Main.storyboard in Resources */ = {isa = PBXBuildFile; fileRef = 1A932B4B250668C300E138BA /* Main.storyboard */; };
		1A932B4F250668C500E138BA /* Assets.xcassets in Resources */ = {isa = PBXBuildFile; fileRef = 1A932B4E250668C500E138BA /* Assets.xcassets */; };
		1A932B52250668C500E138BA /* LaunchScreen.storyboard in Resources */ = {isa = PBXBuildFile; fileRef = 1A932B50250668C500E138BA /* LaunchScreen.storyboard */; };
		1A932B5D2507670F00E138BA /* Todo.swift in Sources */ = {isa = PBXBuildFile; fileRef = 1A932B5C2507670F00E138BA /* Todo.swift */; };
		1A932B622508FFEB00E138BA /* AddTaskViewController.swift in Sources */ = {isa = PBXBuildFile; fileRef = 1A932B612508FFEB00E138BA /* AddTaskViewController.swift */; };
		1A932B64250FB62800E138BA /* TodoCell.swift in Sources */ = {isa = PBXBuildFile; fileRef = 1A932B63250FB62800E138BA /* TodoCell.swift */; };
		1ABA301A258A3FBA00C59C5E /* InfoPlist.strings in Resources */ = {isa = PBXBuildFile; fileRef = 1ABA301C258A3FBA00C59C5E /* InfoPlist.strings */; };
		1ABA3028258CEFAE00C59C5E /* DateFormatter+Extensions.swift in Sources */ = {isa = PBXBuildFile; fileRef = 1ABA3027258CEFAE00C59C5E /* DateFormatter+Extensions.swift */; };
		DB1EED1B8F91760B686F8205 /* Pods_todoList.framework in Frameworks */ = {isa = PBXBuildFile; fileRef = 2B82CFBEA04101A608D803BC /* Pods_todoList.framework */; };
/* End PBXBuildFile section */

/* Begin PBXFileReference section */
		1A78F0612514E3F7008EC4D6 /* CalendarViewController.swift */ = {isa = PBXFileReference; lastKnownFileType = sourcecode.swift; path = CalendarViewController.swift; sourceTree = "<group>"; };
		1A932B42250668C300E138BA /* DailyCheck.app */ = {isa = PBXFileReference; explicitFileType = wrapper.application; includeInIndex = 0; path = DailyCheck.app; sourceTree = BUILT_PRODUCTS_DIR; };
		1A932B45250668C300E138BA /* AppDelegate.swift */ = {isa = PBXFileReference; lastKnownFileType = sourcecode.swift; path = AppDelegate.swift; sourceTree = "<group>"; };
		1A932B47250668C300E138BA /* SceneDelegate.swift */ = {isa = PBXFileReference; lastKnownFileType = sourcecode.swift; path = SceneDelegate.swift; sourceTree = "<group>"; };
		1A932B49250668C300E138BA /* DailyTasksViewController.swift */ = {isa = PBXFileReference; lastKnownFileType = sourcecode.swift; path = DailyTasksViewController.swift; sourceTree = "<group>"; };
		1A932B4C250668C300E138BA /* Base */ = {isa = PBXFileReference; lastKnownFileType = file.storyboard; name = Base; path = Base.lproj/Main.storyboard; sourceTree = "<group>"; };
		1A932B4E250668C500E138BA /* Assets.xcassets */ = {isa = PBXFileReference; lastKnownFileType = folder.assetcatalog; path = Assets.xcassets; sourceTree = "<group>"; };
		1A932B51250668C500E138BA /* Base */ = {isa = PBXFileReference; lastKnownFileType = file.storyboard; name = Base; path = Base.lproj/LaunchScreen.storyboard; sourceTree = "<group>"; };
		1A932B53250668C500E138BA /* Info.plist */ = {isa = PBXFileReference; lastKnownFileType = text.plist.xml; path = Info.plist; sourceTree = "<group>"; };
		1A932B5C2507670F00E138BA /* Todo.swift */ = {isa = PBXFileReference; lastKnownFileType = sourcecode.swift; path = Todo.swift; sourceTree = "<group>"; };
		1A932B612508FFEB00E138BA /* AddTaskViewController.swift */ = {isa = PBXFileReference; lastKnownFileType = sourcecode.swift; path = AddTaskViewController.swift; sourceTree = "<group>"; };
		1A932B63250FB62800E138BA /* TodoCell.swift */ = {isa = PBXFileReference; lastKnownFileType = sourcecode.swift; path = TodoCell.swift; sourceTree = "<group>"; };
		1ABA301B258A3FBA00C59C5E /* en */ = {isa = PBXFileReference; lastKnownFileType = text.plist.strings; name = en; path = en.lproj/InfoPlist.strings; sourceTree = "<group>"; };
		1ABA301D258A403000C59C5E /* ko */ = {isa = PBXFileReference; lastKnownFileType = text.plist.strings; name = ko; path = ko.lproj/InfoPlist.strings; sourceTree = "<group>"; };
		1ABA3027258CEFAE00C59C5E /* DateFormatter+Extensions.swift */ = {isa = PBXFileReference; lastKnownFileType = sourcecode.swift; path = "DateFormatter+Extensions.swift"; sourceTree = "<group>"; };
		2B82CFBEA04101A608D803BC /* Pods_todoList.framework */ = {isa = PBXFileReference; explicitFileType = wrapper.framework; includeInIndex = 0; path = Pods_todoList.framework; sourceTree = BUILT_PRODUCTS_DIR; };
		4C5CF6DAA7873C784512EF27 /* Pods-todoList.debug.xcconfig */ = {isa = PBXFileReference; includeInIndex = 1; lastKnownFileType = text.xcconfig; name = "Pods-todoList.debug.xcconfig"; path = "Target Support Files/Pods-todoList/Pods-todoList.debug.xcconfig"; sourceTree = "<group>"; };
		BCBD6CEBF7EA5DDDA859D634 /* Pods-todoList.release.xcconfig */ = {isa = PBXFileReference; includeInIndex = 1; lastKnownFileType = text.xcconfig; name = "Pods-todoList.release.xcconfig"; path = "Target Support Files/Pods-todoList/Pods-todoList.release.xcconfig"; sourceTree = "<group>"; };
/* End PBXFileReference section */

/* Begin PBXFrameworksBuildPhase section */
		1A932B3F250668C300E138BA /* Frameworks */ = {
			isa = PBXFrameworksBuildPhase;
			buildActionMask = 2147483647;
			files = (
				DB1EED1B8F91760B686F8205 /* Pods_todoList.framework in Frameworks */,
			);
			runOnlyForDeploymentPostprocessing = 0;
		};
/* End PBXFrameworksBuildPhase section */

/* Begin PBXGroup section */
		1242AA8C48C2A279B88DF68E /* Frameworks */ = {
			isa = PBXGroup;
			children = (
				2B82CFBEA04101A608D803BC /* Pods_todoList.framework */,
			);
			name = Frameworks;
			sourceTree = "<group>";
		};
		1A932B39250668C300E138BA = {
			isa = PBXGroup;
			children = (
				1A932B44250668C300E138BA /* todoList */,
				1A932B43250668C300E138BA /* Products */,
				91407334D91F4E794E9759EC /* Pods */,
				1242AA8C48C2A279B88DF68E /* Frameworks */,
			);
			sourceTree = "<group>";
		};
		1A932B43250668C300E138BA /* Products */ = {
			isa = PBXGroup;
			children = (
				1A932B42250668C300E138BA /* DailyCheck.app */,
			);
			name = Products;
			sourceTree = "<group>";
		};
		1A932B44250668C300E138BA /* todoList */ = {
			isa = PBXGroup;
			children = (
				1ABA3026258CEF9500C59C5E /* Extensions */,
				1AF2A1DC2522F88800605C2E /* AppDelegate */,
				1A932B5B25066A4600E138BA /* Controllers */,
				1A932B5925066A3C00E138BA /* Models */,
				1AF2A1DB2522F87300605C2E /* Resources */,
				1A932B5A25066A4200E138BA /* Views */,
			);
			path = todoList;
			sourceTree = "<group>";
		};
		1A932B5925066A3C00E138BA /* Models */ = {
			isa = PBXGroup;
			children = (
				1A932B5C2507670F00E138BA /* Todo.swift */,
				1A932B63250FB62800E138BA /* TodoCell.swift */,
			);
			name = Models;
			sourceTree = "<group>";
		};
		1A932B5A25066A4200E138BA /* Views */ = {
			isa = PBXGroup;
			children = (
				1A932B4B250668C300E138BA /* Main.storyboard */,
				1A932B50250668C500E138BA /* LaunchScreen.storyboard */,
			);
			name = Views;
			sourceTree = "<group>";
		};
		1A932B5B25066A4600E138BA /* Controllers */ = {
			isa = PBXGroup;
			children = (
				1A932B49250668C300E138BA /* DailyTasksViewController.swift */,
				1A932B612508FFEB00E138BA /* AddTaskViewController.swift */,
				1A78F0612514E3F7008EC4D6 /* CalendarViewController.swift */,
			);
			name = Controllers;
			sourceTree = "<group>";
		};
		1ABA3026258CEF9500C59C5E /* Extensions */ = {
			isa = PBXGroup;
			children = (
				1ABA3027258CEFAE00C59C5E /* DateFormatter+Extensions.swift */,
			);
			name = Extensions;
			sourceTree = "<group>";
		};
		1AF2A1DB2522F87300605C2E /* Resources */ = {
			isa = PBXGroup;
			children = (
				1A932B4E250668C500E138BA /* Assets.xcassets */,
				1A932B53250668C500E138BA /* Info.plist */,
				1ABA301C258A3FBA00C59C5E /* InfoPlist.strings */,
			);
			name = Resources;
			sourceTree = "<group>";
		};
		1AF2A1DC2522F88800605C2E /* AppDelegate */ = {
			isa = PBXGroup;
			children = (
				1A932B45250668C300E138BA /* AppDelegate.swift */,
				1A932B47250668C300E138BA /* SceneDelegate.swift */,
			);
			name = AppDelegate;
			sourceTree = "<group>";
		};
		91407334D91F4E794E9759EC /* Pods */ = {
			isa = PBXGroup;
			children = (
				4C5CF6DAA7873C784512EF27 /* Pods-todoList.debug.xcconfig */,
				BCBD6CEBF7EA5DDDA859D634 /* Pods-todoList.release.xcconfig */,
			);
			path = Pods;
			sourceTree = "<group>";
		};
/* End PBXGroup section */

/* Begin PBXNativeTarget section */
		1A932B41250668C300E138BA /* todoList */ = {
			isa = PBXNativeTarget;
			buildConfigurationList = 1A932B56250668C500E138BA /* Build configuration list for PBXNativeTarget "todoList" */;
			buildPhases = (
				BA4B70398AF265E16EA7F55B /* [CP] Check Pods Manifest.lock */,
				1A932B3E250668C300E138BA /* Sources */,
				1A932B3F250668C300E138BA /* Frameworks */,
				1A932B40250668C300E138BA /* Resources */,
				C7948790F3F4BC1E24020D17 /* [CP] Embed Pods Frameworks */,
			);
			buildRules = (
			);
			dependencies = (
			);
			name = todoList;
			productName = todoList;
			productReference = 1A932B42250668C300E138BA /* DailyCheck.app */;
			productType = "com.apple.product-type.application";
		};
/* End PBXNativeTarget section */

/* Begin PBXProject section */
		1A932B3A250668C300E138BA /* Project object */ = {
			isa = PBXProject;
			attributes = {
				LastSwiftUpdateCheck = 1160;
				LastUpgradeCheck = 1160;
				ORGANIZATIONNAME = yurim;
				TargetAttributes = {
					1A932B41250668C300E138BA = {
						CreatedOnToolsVersion = 11.6;
					};
				};
			};
			buildConfigurationList = 1A932B3D250668C300E138BA /* Build configuration list for PBXProject "todoList" */;
			compatibilityVersion = "Xcode 9.3";
			developmentRegion = en;
			hasScannedForEncodings = 0;
			knownRegions = (
				en,
				Base,
				ko,
			);
			mainGroup = 1A932B39250668C300E138BA;
			productRefGroup = 1A932B43250668C300E138BA /* Products */;
			projectDirPath = "";
			projectRoot = "";
			targets = (
				1A932B41250668C300E138BA /* todoList */,
			);
		};
/* End PBXProject section */

/* Begin PBXResourcesBuildPhase section */
		1A932B40250668C300E138BA /* Resources */ = {
			isa = PBXResourcesBuildPhase;
			buildActionMask = 2147483647;
			files = (
				1A932B52250668C500E138BA /* LaunchScreen.storyboard in Resources */,
				1ABA301A258A3FBA00C59C5E /* InfoPlist.strings in Resources */,
				1A932B4F250668C500E138BA /* Assets.xcassets in Resources */,
				1A932B4D250668C300E138BA /* Main.storyboard in Resources */,
			);
			runOnlyForDeploymentPostprocessing = 0;
		};
/* End PBXResourcesBuildPhase section */

/* Begin PBXShellScriptBuildPhase section */
		BA4B70398AF265E16EA7F55B /* [CP] Check Pods Manifest.lock */ = {
			isa = PBXShellScriptBuildPhase;
			buildActionMask = 2147483647;
			files = (
			);
			inputFileListPaths = (
			);
			inputPaths = (
				"${PODS_PODFILE_DIR_PATH}/Podfile.lock",
				"${PODS_ROOT}/Manifest.lock",
			);
			name = "[CP] Check Pods Manifest.lock";
			outputFileListPaths = (
			);
			outputPaths = (
				"$(DERIVED_FILE_DIR)/Pods-todoList-checkManifestLockResult.txt",
			);
			runOnlyForDeploymentPostprocessing = 0;
			shellPath = /bin/sh;
			shellScript = "diff \"${PODS_PODFILE_DIR_PATH}/Podfile.lock\" \"${PODS_ROOT}/Manifest.lock\" > /dev/null\nif [ $? != 0 ] ; then\n    # print error to STDERR\n    echo \"error: The sandbox is not in sync with the Podfile.lock. Run 'pod install' or update your CocoaPods installation.\" >&2\n    exit 1\nfi\n# This output is used by Xcode 'outputs' to avoid re-running this script phase.\necho \"SUCCESS\" > \"${SCRIPT_OUTPUT_FILE_0}\"\n";
			showEnvVarsInLog = 0;
		};
		C7948790F3F4BC1E24020D17 /* [CP] Embed Pods Frameworks */ = {
			isa = PBXShellScriptBuildPhase;
			buildActionMask = 2147483647;
			files = (
			);
			inputFileListPaths = (
				"${PODS_ROOT}/Target Support Files/Pods-todoList/Pods-todoList-frameworks-${CONFIGURATION}-input-files.xcfilelist",
			);
			name = "[CP] Embed Pods Frameworks";
			outputFileListPaths = (
				"${PODS_ROOT}/Target Support Files/Pods-todoList/Pods-todoList-frameworks-${CONFIGURATION}-output-files.xcfilelist",
			);
			runOnlyForDeploymentPostprocessing = 0;
			shellPath = /bin/sh;
			shellScript = "\"${PODS_ROOT}/Target Support Files/Pods-todoList/Pods-todoList-frameworks.sh\"\n";
			showEnvVarsInLog = 0;
		};
/* End PBXShellScriptBuildPhase section */

/* Begin PBXSourcesBuildPhase section */
		1A932B3E250668C300E138BA /* Sources */ = {
			isa = PBXSourcesBuildPhase;
			buildActionMask = 2147483647;
			files = (
				1A932B4A250668C300E138BA /* DailyTasksViewController.swift in Sources */,
				1A932B64250FB62800E138BA /* TodoCell.swift in Sources */,
				1A932B622508FFEB00E138BA /* AddTaskViewController.swift in Sources */,
				1A932B46250668C300E138BA /* AppDelegate.swift in Sources */,
				1A932B48250668C300E138BA /* SceneDelegate.swift in Sources */,
				1A78F0622514E3F7008EC4D6 /* CalendarViewController.swift in Sources */,
				1ABA3028258CEFAE00C59C5E /* DateFormatter+Extensions.swift in Sources */,
				1A932B5D2507670F00E138BA /* Todo.swift in Sources */,
			);
			runOnlyForDeploymentPostprocessing = 0;
		};
/* End PBXSourcesBuildPhase section */

/* Begin PBXVariantGroup section */
		1A932B4B250668C300E138BA /* Main.storyboard */ = {
			isa = PBXVariantGroup;
			children = (
				1A932B4C250668C300E138BA /* Base */,
			);
			name = Main.storyboard;
			sourceTree = "<group>";
		};
		1A932B50250668C500E138BA /* LaunchScreen.storyboard */ = {
			isa = PBXVariantGroup;
			children = (
				1A932B51250668C500E138BA /* Base */,
			);
			name = LaunchScreen.storyboard;
			sourceTree = "<group>";
		};
		1ABA301C258A3FBA00C59C5E /* InfoPlist.strings */ = {
			isa = PBXVariantGroup;
			children = (
				1ABA301B258A3FBA00C59C5E /* en */,
				1ABA301D258A403000C59C5E /* ko */,
			);
			name = InfoPlist.strings;
			sourceTree = "<group>";
		};
/* End PBXVariantGroup section */

/* Begin XCBuildConfiguration section */
		1A932B54250668C500E138BA /* Debug */ = {
			isa = XCBuildConfiguration;
			buildSettings = {
				ALWAYS_SEARCH_USER_PATHS = NO;
				CLANG_ANALYZER_LOCALIZABILITY_NONLOCALIZED = YES;
				CLANG_ANALYZER_NONNULL = YES;
				CLANG_ANALYZER_NUMBER_OBJECT_CONVERSION = YES_AGGRESSIVE;
				CLANG_CXX_LANGUAGE_STANDARD = "gnu++14";
				CLANG_CXX_LIBRARY = "libc++";
				CLANG_ENABLE_MODULES = YES;
				CLANG_ENABLE_OBJC_ARC = YES;
				CLANG_ENABLE_OBJC_WEAK = YES;
				CLANG_WARN_BLOCK_CAPTURE_AUTORELEASING = YES;
				CLANG_WARN_BOOL_CONVERSION = YES;
				CLANG_WARN_COMMA = YES;
				CLANG_WARN_CONSTANT_CONVERSION = YES;
				CLANG_WARN_DEPRECATED_OBJC_IMPLEMENTATIONS = YES;
				CLANG_WARN_DIRECT_OBJC_ISA_USAGE = YES_ERROR;
				CLANG_WARN_DOCUMENTATION_COMMENTS = YES;
				CLANG_WARN_EMPTY_BODY = YES;
				CLANG_WARN_ENUM_CONVERSION = YES;
				CLANG_WARN_INFINITE_RECURSION = YES;
				CLANG_WARN_INT_CONVERSION = YES;
				CLANG_WARN_NON_LITERAL_NULL_CONVERSION = YES;
				CLANG_WARN_OBJC_IMPLICIT_RETAIN_SELF = YES;
				CLANG_WARN_OBJC_LITERAL_CONVERSION = YES;
				CLANG_WARN_OBJC_ROOT_CLASS = YES_ERROR;
				CLANG_WARN_RANGE_LOOP_ANALYSIS = YES;
				CLANG_WARN_STRICT_PROTOTYPES = YES;
				CLANG_WARN_SUSPICIOUS_MOVE = YES;
				CLANG_WARN_UNGUARDED_AVAILABILITY = YES_AGGRESSIVE;
				CLANG_WARN_UNREACHABLE_CODE = YES;
				CLANG_WARN__DUPLICATE_METHOD_MATCH = YES;
				COPY_PHASE_STRIP = NO;
				DEBUG_INFORMATION_FORMAT = dwarf;
				ENABLE_STRICT_OBJC_MSGSEND = YES;
				ENABLE_TESTABILITY = YES;
				GCC_C_LANGUAGE_STANDARD = gnu11;
				GCC_DYNAMIC_NO_PIC = NO;
				GCC_NO_COMMON_BLOCKS = YES;
				GCC_OPTIMIZATION_LEVEL = 0;
				GCC_PREPROCESSOR_DEFINITIONS = (
					"DEBUG=1",
					"$(inherited)",
				);
				GCC_WARN_64_TO_32_BIT_CONVERSION = YES;
				GCC_WARN_ABOUT_RETURN_TYPE = YES_ERROR;
				GCC_WARN_UNDECLARED_SELECTOR = YES;
				GCC_WARN_UNINITIALIZED_AUTOS = YES_AGGRESSIVE;
				GCC_WARN_UNUSED_FUNCTION = YES;
				GCC_WARN_UNUSED_VARIABLE = YES;
				IPHONEOS_DEPLOYMENT_TARGET = 13.6;
				MTL_ENABLE_DEBUG_INFO = INCLUDE_SOURCE;
				MTL_FAST_MATH = YES;
				ONLY_ACTIVE_ARCH = YES;
				SDKROOT = iphoneos;
				SWIFT_ACTIVE_COMPILATION_CONDITIONS = DEBUG;
				SWIFT_OPTIMIZATION_LEVEL = "-Onone";
			};
			name = Debug;
		};
		1A932B55250668C500E138BA /* Release */ = {
			isa = XCBuildConfiguration;
			buildSettings = {
				ALWAYS_SEARCH_USER_PATHS = NO;
				CLANG_ANALYZER_LOCALIZABILITY_NONLOCALIZED = YES;
				CLANG_ANALYZER_NONNULL = YES;
				CLANG_ANALYZER_NUMBER_OBJECT_CONVERSION = YES_AGGRESSIVE;
				CLANG_CXX_LANGUAGE_STANDARD = "gnu++14";
				CLANG_CXX_LIBRARY = "libc++";
				CLANG_ENABLE_MODULES = YES;
				CLANG_ENABLE_OBJC_ARC = YES;
				CLANG_ENABLE_OBJC_WEAK = YES;
				CLANG_WARN_BLOCK_CAPTURE_AUTORELEASING = YES;
				CLANG_WARN_BOOL_CONVERSION = YES;
				CLANG_WARN_COMMA = YES;
				CLANG_WARN_CONSTANT_CONVERSION = YES;
				CLANG_WARN_DEPRECATED_OBJC_IMPLEMENTATIONS = YES;
				CLANG_WARN_DIRECT_OBJC_ISA_USAGE = YES_ERROR;
				CLANG_WARN_DOCUMENTATION_COMMENTS = YES;
				CLANG_WARN_EMPTY_BODY = YES;
				CLANG_WARN_ENUM_CONVERSION = YES;
				CLANG_WARN_INFINITE_RECURSION = YES;
				CLANG_WARN_INT_CONVERSION = YES;
				CLANG_WARN_NON_LITERAL_NULL_CONVERSION = YES;
				CLANG_WARN_OBJC_IMPLICIT_RETAIN_SELF = YES;
				CLANG_WARN_OBJC_LITERAL_CONVERSION = YES;
				CLANG_WARN_OBJC_ROOT_CLASS = YES_ERROR;
				CLANG_WARN_RANGE_LOOP_ANALYSIS = YES;
				CLANG_WARN_STRICT_PROTOTYPES = YES;
				CLANG_WARN_SUSPICIOUS_MOVE = YES;
				CLANG_WARN_UNGUARDED_AVAILABILITY = YES_AGGRESSIVE;
				CLANG_WARN_UNREACHABLE_CODE = YES;
				CLANG_WARN__DUPLICATE_METHOD_MATCH = YES;
				COPY_PHASE_STRIP = NO;
				DEBUG_INFORMATION_FORMAT = "dwarf-with-dsym";
				ENABLE_NS_ASSERTIONS = NO;
				ENABLE_STRICT_OBJC_MSGSEND = YES;
				GCC_C_LANGUAGE_STANDARD = gnu11;
				GCC_NO_COMMON_BLOCKS = YES;
				GCC_WARN_64_TO_32_BIT_CONVERSION = YES;
				GCC_WARN_ABOUT_RETURN_TYPE = YES_ERROR;
				GCC_WARN_UNDECLARED_SELECTOR = YES;
				GCC_WARN_UNINITIALIZED_AUTOS = YES_AGGRESSIVE;
				GCC_WARN_UNUSED_FUNCTION = YES;
				GCC_WARN_UNUSED_VARIABLE = YES;
				IPHONEOS_DEPLOYMENT_TARGET = 13.6;
				MTL_ENABLE_DEBUG_INFO = NO;
				MTL_FAST_MATH = YES;
				SDKROOT = iphoneos;
				SWIFT_COMPILATION_MODE = wholemodule;
				SWIFT_OPTIMIZATION_LEVEL = "-O";
				VALIDATE_PRODUCT = YES;
			};
			name = Release;
		};
		1A932B57250668C500E138BA /* Debug */ = {
			isa = XCBuildConfiguration;
			baseConfigurationReference = 4C5CF6DAA7873C784512EF27 /* Pods-todoList.debug.xcconfig */;
			buildSettings = {
				ASSETCATALOG_COMPILER_APPICON_NAME = AppIcon;
				CODE_SIGN_IDENTITY = "Apple Development";
				CODE_SIGN_STYLE = Automatic;
				CURRENT_PROJECT_VERSION = 1;
				DEVELOPMENT_TEAM = 8L5GQUP5L4;
				INFOPLIST_FILE = todoList/Info.plist;
				LD_RUNPATH_SEARCH_PATHS = (
					"$(inherited)",
					"@executable_path/Frameworks",
				);
				MARKETING_VERSION = 1.0.0;
				PRODUCT_BUNDLE_IDENTIFIER = com.yurim.dailycheck;
				PRODUCT_NAME = DailyCheck;
				PROVISIONING_PROFILE_SPECIFIER = "";
				SWIFT_VERSION = 5.0;
				TARGETED_DEVICE_FAMILY = "1,2";
			};
			name = Debug;
		};
		1A932B58250668C500E138BA /* Release */ = {
			isa = XCBuildConfiguration;
			baseConfigurationReference = BCBD6CEBF7EA5DDDA859D634 /* Pods-todoList.release.xcconfig */;
			buildSettings = {
				ASSETCATALOG_COMPILER_APPICON_NAME = AppIcon;
				CODE_SIGN_IDENTITY = "Apple Development";
				CODE_SIGN_STYLE = Automatic;
				CURRENT_PROJECT_VERSION = 1;
				DEVELOPMENT_TEAM = 8L5GQUP5L4;
				INFOPLIST_FILE = todoList/Info.plist;
				LD_RUNPATH_SEARCH_PATHS = (
					"$(inherited)",
					"@executable_path/Frameworks",
				);
				MARKETING_VERSION = 1.0.0;
				PRODUCT_BUNDLE_IDENTIFIER = com.yurim.dailycheck;
				PRODUCT_NAME = DailyCheck;
				PROVISIONING_PROFILE_SPECIFIER = "";
				SWIFT_VERSION = 5.0;
				TARGETED_DEVICE_FAMILY = "1,2";
			};
			name = Release;
		};
/* End XCBuildConfiguration section */

/* Begin XCConfigurationList section */
		1A932B3D250668C300E138BA /* Build configuration list for PBXProject "todoList" */ = {
			isa = XCConfigurationList;
			buildConfigurations = (
				1A932B54250668C500E138BA /* Debug */,
				1A932B55250668C500E138BA /* Release */,
			);
			defaultConfigurationIsVisible = 0;
			defaultConfigurationName = Release;
		};
		1A932B56250668C500E138BA /* Build configuration list for PBXNativeTarget "todoList" */ = {
			isa = XCConfigurationList;
			buildConfigurations = (
				1A932B57250668C500E138BA /* Debug */,
				1A932B58250668C500E138BA /* Release */,
			);
			defaultConfigurationIsVisible = 0;
			defaultConfigurationName = Release;
		};
/* End XCConfigurationList section */
	};
	rootObject = 1A932B3A250668C300E138BA /* Project object */;
}
